
Microsoft Visual Studio Solution File, Format Version 12.00
# Visual Studio Version 17
VisualStudioVersion = 17.0.32112.339
MinimumVisualStudioVersion = 10.0.40219.1
Project("{FAE04EC0-301F-11D3-BF4B-00C04F79EFBC}") = "Prueba_final", "Prueba_final.csproj", "{AB21DE3F-B711-4E50-8048-0A0DFD191AB0}"
EndProject
Global
	GlobalSection(SolutionConfigurationPlatforms) = preSolution
		Debug|Any CPU = Debug|Any CPU
		Release|Any CPU = Release|Any CPU
	EndGlobalSection
	GlobalSection(ProjectConfigurationPlatforms) = postSolution
		{AB21DE3F-B711-4E50-8048-0A0DFD191AB0}.Debug|Any CPU.ActiveCfg = Debug|Any CPU
		{AB21DE3F-B711-4E50-8048-0A0DFD191AB0}.Debug|Any CPU.Build.0 = Debug|Any CPU
		{AB21DE3F-B711-4E50-8048-0A0DFD191AB0}.Release|Any CPU.ActiveCfg = Release|Any CPU
		{AB21DE3F-B711-4E50-8048-0A0DFD191AB0}.Release|Any CPU.Build.0 = Release|Any CPU
	EndGlobalSection
	GlobalSection(SolutionProperties) = preSolution
		HideSolutionNode = FALSE
	EndGlobalSection
	GlobalSection(ExtensibilityGlobals) = postSolution
		SolutionGuid = {792C3B7D-13B0-4B46-ACE0-3328A7D0D612}
	EndGlobalSection
EndGlobal
