
Microsoft Visual Studio Solution File, Format Version 12.00
# Visual Studio Version 16
VisualStudioVersion = 16.0.31702.278
MinimumVisualStudioVersion = 10.0.40219.1
Project("{FAE04EC0-301F-11D3-BF4B-00C04F79EFBC}") = "entradapantalla.cs", "entradapantalla.cs.csproj", "{4E88C126-1CE9-421C-8F87-0786A2AD4530}"
EndProject
Global
	GlobalSection(SolutionConfigurationPlatforms) = preSolution
		Debug|Any CPU = Debug|Any CPU
		Release|Any CPU = Release|Any CPU
	EndGlobalSection
	GlobalSection(ProjectConfigurationPlatforms) = postSolution
		{4E88C126-1CE9-421C-8F87-0786A2AD4530}.Debug|Any CPU.ActiveCfg = Debug|Any CPU
		{4E88C126-1CE9-421C-8F87-0786A2AD4530}.Debug|Any CPU.Build.0 = Debug|Any CPU
		{4E88C126-1CE9-421C-8F87-0786A2AD4530}.Release|Any CPU.ActiveCfg = Release|Any CPU
		{4E88C126-1CE9-421C-8F87-0786A2AD4530}.Release|Any CPU.Build.0 = Release|Any CPU
	EndGlobalSection
	GlobalSection(SolutionProperties) = preSolution
		HideSolutionNode = FALSE
	EndGlobalSection
	GlobalSection(ExtensibilityGlobals) = postSolution
		SolutionGuid = {62E55E66-2844-4F46-9324-55C0CA8CD351}
	EndGlobalSection
EndGlobal
