
Microsoft Visual Studio Solution File, Format Version 12.00
# Visual Studio Version 16
VisualStudioVersion = 16.0.31702.278
MinimumVisualStudioVersion = 10.0.40219.1
Project("{FAE04EC0-301F-11D3-BF4B-00C04F79EFBC}") = "par", "par.csproj", "{DDAF20E5-9543-4921-960B-74A33857EAAC}"
EndProject
Global
	GlobalSection(SolutionConfigurationPlatforms) = preSolution
		Debug|Any CPU = Debug|Any CPU
		Release|Any CPU = Release|Any CPU
	EndGlobalSection
	GlobalSection(ProjectConfigurationPlatforms) = postSolution
		{DDAF20E5-9543-4921-960B-74A33857EAAC}.Debug|Any CPU.ActiveCfg = Debug|Any CPU
		{DDAF20E5-9543-4921-960B-74A33857EAAC}.Debug|Any CPU.Build.0 = Debug|Any CPU
		{DDAF20E5-9543-4921-960B-74A33857EAAC}.Release|Any CPU.ActiveCfg = Release|Any CPU
		{DDAF20E5-9543-4921-960B-74A33857EAAC}.Release|Any CPU.Build.0 = Release|Any CPU
	EndGlobalSection
	GlobalSection(SolutionProperties) = preSolution
		HideSolutionNode = FALSE
	EndGlobalSection
	GlobalSection(ExtensibilityGlobals) = postSolution
		SolutionGuid = {639CCA15-9BF3-4B7C-9987-BD19726CB7B4}
	EndGlobalSection
EndGlobal
