
Microsoft Visual Studio Solution File, Format Version 12.00
# Visual Studio Version 16
VisualStudioVersion = 16.0.31702.278
MinimumVisualStudioVersion = 10.0.40219.1
Project("{FAE04EC0-301F-11D3-BF4B-00C04F79EFBC}") = "Actividad06", "Actividad06\Actividad06.csproj", "{1375D819-9D77-4BDB-ACB0-AFFBA9255FD0}"
EndProject
Project("{FAE04EC0-301F-11D3-BF4B-00C04F79EFBC}") = "Test1", "Test1\Test1.csproj", "{C1F53889-6BF8-4B13-8E6C-8D39D7F05700}"
EndProject
Global
	GlobalSection(SolutionConfigurationPlatforms) = preSolution
		Debug|Any CPU = Debug|Any CPU
		Release|Any CPU = Release|Any CPU
	EndGlobalSection
	GlobalSection(ProjectConfigurationPlatforms) = postSolution
		{1375D819-9D77-4BDB-ACB0-AFFBA9255FD0}.Debug|Any CPU.ActiveCfg = Debug|Any CPU
		{1375D819-9D77-4BDB-ACB0-AFFBA9255FD0}.Debug|Any CPU.Build.0 = Debug|Any CPU
		{1375D819-9D77-4BDB-ACB0-AFFBA9255FD0}.Release|Any CPU.ActiveCfg = Release|Any CPU
		{1375D819-9D77-4BDB-ACB0-AFFBA9255FD0}.Release|Any CPU.Build.0 = Release|Any CPU
		{C1F53889-6BF8-4B13-8E6C-8D39D7F05700}.Debug|Any CPU.ActiveCfg = Debug|Any CPU
		{C1F53889-6BF8-4B13-8E6C-8D39D7F05700}.Debug|Any CPU.Build.0 = Debug|Any CPU
		{C1F53889-6BF8-4B13-8E6C-8D39D7F05700}.Release|Any CPU.ActiveCfg = Release|Any CPU
		{C1F53889-6BF8-4B13-8E6C-8D39D7F05700}.Release|Any CPU.Build.0 = Release|Any CPU
	EndGlobalSection
	GlobalSection(SolutionProperties) = preSolution
		HideSolutionNode = FALSE
	EndGlobalSection
	GlobalSection(ExtensibilityGlobals) = postSolution
		SolutionGuid = {1E4571B8-3FF6-4EFE-BB7A-C997BD22488C}
	EndGlobalSection
EndGlobal
