
Microsoft Visual Studio Solution File, Format Version 12.00
# Visual Studio Version 17
VisualStudioVersion = 17.0.32014.148
MinimumVisualStudioVersion = 10.0.40219.1
Project("{FAE04EC0-301F-11D3-BF4B-00C04F79EFBC}") = "Actividad21-2", "Actividad21-2.csproj", "{73CA20F5-F4BF-4CEF-87AA-1B1BE1B6FB22}"
EndProject
Global
	GlobalSection(SolutionConfigurationPlatforms) = preSolution
		Debug|Any CPU = Debug|Any CPU
		Release|Any CPU = Release|Any CPU
	EndGlobalSection
	GlobalSection(ProjectConfigurationPlatforms) = postSolution
		{73CA20F5-F4BF-4CEF-87AA-1B1BE1B6FB22}.Debug|Any CPU.ActiveCfg = Debug|Any CPU
		{73CA20F5-F4BF-4CEF-87AA-1B1BE1B6FB22}.Debug|Any CPU.Build.0 = Debug|Any CPU
		{73CA20F5-F4BF-4CEF-87AA-1B1BE1B6FB22}.Release|Any CPU.ActiveCfg = Release|Any CPU
		{73CA20F5-F4BF-4CEF-87AA-1B1BE1B6FB22}.Release|Any CPU.Build.0 = Release|Any CPU
	EndGlobalSection
	GlobalSection(SolutionProperties) = preSolution
		HideSolutionNode = FALSE
	EndGlobalSection
	GlobalSection(ExtensibilityGlobals) = postSolution
		SolutionGuid = {E47D128E-99D8-4014-9EE3-FB44B46A1A49}
	EndGlobalSection
EndGlobal
