
Microsoft Visual Studio Solution File, Format Version 12.00
# Visual Studio Version 16
VisualStudioVersion = 16.0.31702.278
MinimumVisualStudioVersion = 10.0.40219.1
Project("{FAE04EC0-301F-11D3-BF4B-00C04F79EFBC}") = "Actividad16", "Actividad16.csproj", "{B9DEDA44-3D0D-4DEE-B3B1-F150FDB06D8B}"
EndProject
Global
	GlobalSection(SolutionConfigurationPlatforms) = preSolution
		Debug|Any CPU = Debug|Any CPU
		Release|Any CPU = Release|Any CPU
	EndGlobalSection
	GlobalSection(ProjectConfigurationPlatforms) = postSolution
		{B9DEDA44-3D0D-4DEE-B3B1-F150FDB06D8B}.Debug|Any CPU.ActiveCfg = Debug|Any CPU
		{B9DEDA44-3D0D-4DEE-B3B1-F150FDB06D8B}.Debug|Any CPU.Build.0 = Debug|Any CPU
		{B9DEDA44-3D0D-4DEE-B3B1-F150FDB06D8B}.Release|Any CPU.ActiveCfg = Release|Any CPU
		{B9DEDA44-3D0D-4DEE-B3B1-F150FDB06D8B}.Release|Any CPU.Build.0 = Release|Any CPU
	EndGlobalSection
	GlobalSection(SolutionProperties) = preSolution
		HideSolutionNode = FALSE
	EndGlobalSection
	GlobalSection(ExtensibilityGlobals) = postSolution
		SolutionGuid = {762B6E6D-73E0-4C0A-A244-D9C694019986}
	EndGlobalSection
EndGlobal
